// !$*UTF8*$!
{
	archiveVersion = 1;
	classes = {
	};
	objectVersion = 50;
	objects = {

/* Begin PBXBuildFile section */
		D906FAED2401A4D5002793DE /* AppDelegate.swift in Sources */ = {isa = PBXBuildFile; fileRef = D906FAEC2401A4D5002793DE /* AppDelegate.swift */; };
		D906FAEF2401A4D5002793DE /* SceneDelegate.swift in Sources */ = {isa = PBXBuildFile; fileRef = D906FAEE2401A4D5002793DE /* SceneDelegate.swift */; };
		D906FAF12401A4D5002793DE /* ContentView.swift in Sources */ = {isa = PBXBuildFile; fileRef = D906FAF02401A4D5002793DE /* ContentView.swift */; };
		D906FAF32401A4D6002793DE /* Assets.xcassets in Resources */ = {isa = PBXBuildFile; fileRef = D906FAF22401A4D6002793DE /* Assets.xcassets */; };
		D906FAF62401A4D6002793DE /* Preview Assets.xcassets in Resources */ = {isa = PBXBuildFile; fileRef = D906FAF52401A4D6002793DE /* Preview Assets.xcassets */; };
		D906FAF92401A4D6002793DE /* LaunchScreen.storyboard in Resources */ = {isa = PBXBuildFile; fileRef = D906FAF72401A4D6002793DE /* LaunchScreen.storyboard */; };
/* End PBXBuildFile section */

/* Begin PBXFileReference section */
		D906FAE92401A4D5002793DE /* Practica5TipCalculator.app */ = {isa = PBXFileReference; explicitFileType = wrapper.application; includeInIndex = 0; path = Practica5TipCalculator.app; sourceTree = BUILT_PRODUCTS_DIR; };
		D906FAEC2401A4D5002793DE /* AppDelegate.swift */ = {isa = PBXFileReference; lastKnownFileType = sourcecode.swift; path = AppDelegate.swift; sourceTree = "<group>"; };
		D906FAEE2401A4D5002793DE /* SceneDelegate.swift */ = {isa = PBXFileReference; lastKnownFileType = sourcecode.swift; path = SceneDelegate.swift; sourceTree = "<group>"; };
		D906FAF02401A4D5002793DE /* ContentView.swift */ = {isa = PBXFileReference; lastKnownFileType = sourcecode.swift; path = ContentView.swift; sourceTree = "<group>"; };
		D906FAF22401A4D6002793DE /* Assets.xcassets */ = {isa = PBXFileReference; lastKnownFileType = folder.assetcatalog; path = Assets.xcassets; sourceTree = "<group>"; };
		D906FAF52401A4D6002793DE /* Preview Assets.xcassets */ = {isa = PBXFileReference; lastKnownFileType = folder.assetcatalog; path = "Preview Assets.xcassets"; sourceTree = "<group>"; };
		D906FAF82401A4D6002793DE /* Base */ = {isa = PBXFileReference; lastKnownFileType = file.storyboard; name = Base; path = Base.lproj/LaunchScreen.storyboard; sourceTree = "<group>"; };
		D906FAFA2401A4D6002793DE /* Info.plist */ = {isa = PBXFileReference; lastKnownFileType = text.plist.xml; path = Info.plist; sourceTree = "<group>"; };
/* End PBXFileReference section */

/* Begin PBXFrameworksBuildPhase section */
		D906FAE62401A4D5002793DE /* Frameworks */ = {
			isa = PBXFrameworksBuildPhase;
			buildActionMask = 2147483647;
			files = (
			);
			runOnlyForDeploymentPostprocessing = 0;
		};
/* End PBXFrameworksBuildPhase section */

/* Begin PBXGroup section */
		D906FAE02401A4D5002793DE = {
			isa = PBXGroup;
			children = (
				D906FAEB2401A4D5002793DE /* Practica5TipCalculator */,
				D906FAEA2401A4D5002793DE /* Products */,
			);
			sourceTree = "<group>";
		};
		D906FAEA2401A4D5002793DE /* Products */ = {
			isa = PBXGroup;
			children = (
				D906FAE92401A4D5002793DE /* Practica5TipCalculator.app */,
			);
			name = Products;
			sourceTree = "<group>";
		};
		D906FAEB2401A4D5002793DE /* Practica5TipCalculator */ = {
			isa = PBXGroup;
			children = (
				D906FAEC2401A4D5002793DE /* AppDelegate.swift */,
				D906FAEE2401A4D5002793DE /* SceneDelegate.swift */,
				D906FAF02401A4D5002793DE /* ContentView.swift */,
				D906FAF22401A4D6002793DE /* Assets.xcassets */,
				D906FAF72401A4D6002793DE /* LaunchScreen.storyboard */,
				D906FAFA2401A4D6002793DE /* Info.plist */,
				D906FAF42401A4D6002793DE /* Preview Content */,
			);
			path = Practica5TipCalculator;
			sourceTree = "<group>";
		};
		D906FAF42401A4D6002793DE /* Preview Content */ = {
			isa = PBXGroup;
			children = (
				D906FAF52401A4D6002793DE /* Preview Assets.xcassets */,
			);
			path = "Preview Content";
			sourceTree = "<group>";
		};
/* End PBXGroup section */

/* Begin PBXNativeTarget section */
		D906FAE82401A4D5002793DE /* Practica5TipCalculator */ = {
			isa = PBXNativeTarget;
			buildConfigurationList = D906FAFD2401A4D6002793DE /* Build configuration list for PBXNativeTarget "Practica5TipCalculator" */;
			buildPhases = (
				D906FAE52401A4D5002793DE /* Sources */,
				D906FAE62401A4D5002793DE /* Frameworks */,
				D906FAE72401A4D5002793DE /* Resources */,
			);
			buildRules = (
			);
			dependencies = (
			);
			name = Practica5TipCalculator;
			productName = Practica5TipCalculator;
			productReference = D906FAE92401A4D5002793DE /* Practica5TipCalculator.app */;
			productType = "com.apple.product-type.application";
		};
/* End PBXNativeTarget section */

/* Begin PBXProject section */
		D906FAE12401A4D5002793DE /* Project object */ = {
			isa = PBXProject;
			attributes = {
				LastSwiftUpdateCheck = 1130;
				LastUpgradeCheck = 1130;
				ORGANIZATIONNAME = ByRamon;
				TargetAttributes = {
					D906FAE82401A4D5002793DE = {
						CreatedOnToolsVersion = 11.3.1;
					};
				};
			};
			buildConfigurationList = D906FAE42401A4D5002793DE /* Build configuration list for PBXProject "Practica5TipCalculator" */;
			compatibilityVersion = "Xcode 9.3";
			developmentRegion = en;
			hasScannedForEncodings = 0;
			knownRegions = (
				en,
				Base,
			);
			mainGroup = D906FAE02401A4D5002793DE;
			productRefGroup = D906FAEA2401A4D5002793DE /* Products */;
			projectDirPath = "";
			projectRoot = "";
			targets = (
				D906FAE82401A4D5002793DE /* Practica5TipCalculator */,
			);
		};
/* End PBXProject section */

/* Begin PBXResourcesBuildPhase section */
		D906FAE72401A4D5002793DE /* Resources */ = {
			isa = PBXResourcesBuildPhase;
			buildActionMask = 2147483647;
			files = (
				D906FAF92401A4D6002793DE /* LaunchScreen.storyboard in Resources */,
				D906FAF62401A4D6002793DE /* Preview Assets.xcassets in Resources */,
				D906FAF32401A4D6002793DE /* Assets.xcassets in Resources */,
			);
			runOnlyForDeploymentPostprocessing = 0;
		};
/* End PBXResourcesBuildPhase section */

/* Begin PBXSourcesBuildPhase section */
		D906FAE52401A4D5002793DE /* Sources */ = {
			isa = PBXSourcesBuildPhase;
			buildActionMask = 2147483647;
			files = (
				D906FAED2401A4D5002793DE /* AppDelegate.swift in Sources */,
				D906FAEF2401A4D5002793DE /* SceneDelegate.swift in Sources */,
				D906FAF12401A4D5002793DE /* ContentView.swift in Sources */,
			);
			runOnlyForDeploymentPostprocessing = 0;
		};
/* End PBXSourcesBuildPhase section */

/* Begin PBXVariantGroup section */
		D906FAF72401A4D6002793DE /* LaunchScreen.storyboard */ = {
			isa = PBXVariantGroup;
			children = (
				D906FAF82401A4D6002793DE /* Base */,
			);
			name = LaunchScreen.storyboard;
			sourceTree = "<group>";
		};
/* End PBXVariantGroup section */

/* Begin XCBuildConfiguration section */
		D906FAFB2401A4D6002793DE /* Debug */ = {
			isa = XCBuildConfiguration;
			buildSettings = {
				ALWAYS_SEARCH_USER_PATHS = NO;
				CLANG_ANALYZER_NONNULL = YES;
				CLANG_ANALYZER_NUMBER_OBJECT_CONVERSION = YES_AGGRESSIVE;
				CLANG_CXX_LANGUAGE_STANDARD = "gnu++14";
				CLANG_CXX_LIBRARY = "libc++";
				CLANG_ENABLE_MODULES = YES;
				CLANG_ENABLE_OBJC_ARC = YES;
				CLANG_ENABLE_OBJC_WEAK = YES;
				CLANG_WARN_BLOCK_CAPTURE_AUTORELEASING = YES;
				CLANG_WARN_BOOL_CONVERSION = YES;
				CLANG_WARN_COMMA = YES;
				CLANG_WARN_CONSTANT_CONVERSION = YES;
				CLANG_WARN_DEPRECATED_OBJC_IMPLEMENTATIONS = YES;
				CLANG_WARN_DIRECT_OBJC_ISA_USAGE = YES_ERROR;
				CLANG_WARN_DOCUMENTATION_COMMENTS = YES;
				CLANG_WARN_EMPTY_BODY = YES;
				CLANG_WARN_ENUM_CONVERSION = YES;
				CLANG_WARN_INFINITE_RECURSION = YES;
				CLANG_WARN_INT_CONVERSION = YES;
				CLANG_WARN_NON_LITERAL_NULL_CONVERSION = YES;
				CLANG_WARN_OBJC_IMPLICIT_RETAIN_SELF = YES;
				CLANG_WARN_OBJC_LITERAL_CONVERSION = YES;
				CLANG_WARN_OBJC_ROOT_CLASS = YES_ERROR;
				CLANG_WARN_RANGE_LOOP_ANALYSIS = YES;
				CLANG_WARN_STRICT_PROTOTYPES = YES;
				CLANG_WARN_SUSPICIOUS_MOVE = YES;
				CLANG_WARN_UNGUARDED_AVAILABILITY = YES_AGGRESSIVE;
				CLANG_WARN_UNREACHABLE_CODE = YES;
				CLANG_WARN__DUPLICATE_METHOD_MATCH = YES;
				COPY_PHASE_STRIP = NO;
				DEBUG_INFORMATION_FORMAT = dwarf;
				ENABLE_STRICT_OBJC_MSGSEND = YES;
				ENABLE_TESTABILITY = YES;
				GCC_C_LANGUAGE_STANDARD = gnu11;
				GCC_DYNAMIC_NO_PIC = NO;
				GCC_NO_COMMON_BLOCKS = YES;
				GCC_OPTIMIZATION_LEVEL = 0;
				GCC_PREPROCESSOR_DEFINITIONS = (
					"DEBUG=1",
					"$(inherited)",
				);
				GCC_WARN_64_TO_32_BIT_CONVERSION = YES;
				GCC_WARN_ABOUT_RETURN_TYPE = YES_ERROR;
				GCC_WARN_UNDECLARED_SELECTOR = YES;
				GCC_WARN_UNINITIALIZED_AUTOS = YES_AGGRESSIVE;
				GCC_WARN_UNUSED_FUNCTION = YES;
				GCC_WARN_UNUSED_VARIABLE = YES;
				IPHONEOS_DEPLOYMENT_TARGET = 13.2;
				MTL_ENABLE_DEBUG_INFO = INCLUDE_SOURCE;
				MTL_FAST_MATH = YES;
				ONLY_ACTIVE_ARCH = YES;
				SDKROOT = iphoneos;
				SWIFT_ACTIVE_COMPILATION_CONDITIONS = DEBUG;
				SWIFT_OPTIMIZATION_LEVEL = "-Onone";
			};
			name = Debug;
		};
		D906FAFC2401A4D6002793DE /* Release */ = {
			isa = XCBuildConfiguration;
			buildSettings = {
				ALWAYS_SEARCH_USER_PATHS = NO;
				CLANG_ANALYZER_NONNULL = YES;
				CLANG_ANALYZER_NUMBER_OBJECT_CONVERSION = YES_AGGRESSIVE;
				CLANG_CXX_LANGUAGE_STANDARD = "gnu++14";
				CLANG_CXX_LIBRARY = "libc++";
				CLANG_ENABLE_MODULES = YES;
				CLANG_ENABLE_OBJC_ARC = YES;
				CLANG_ENABLE_OBJC_WEAK = YES;
				CLANG_WARN_BLOCK_CAPTURE_AUTORELEASING = YES;
				CLANG_WARN_BOOL_CONVERSION = YES;
				CLANG_WARN_COMMA = YES;
				CLANG_WARN_CONSTANT_CONVERSION = YES;
				CLANG_WARN_DEPRECATED_OBJC_IMPLEMENTATIONS = YES;
				CLANG_WARN_DIRECT_OBJC_ISA_USAGE = YES_ERROR;
				CLANG_WARN_DOCUMENTATION_COMMENTS = YES;
				CLANG_WARN_EMPTY_BODY = YES;
				CLANG_WARN_ENUM_CONVERSION = YES;
				CLANG_WARN_INFINITE_RECURSION = YES;
				CLANG_WARN_INT_CONVERSION = YES;
				CLANG_WARN_NON_LITERAL_NULL_CONVERSION = YES;
				CLANG_WARN_OBJC_IMPLICIT_RETAIN_SELF = YES;
				CLANG_WARN_OBJC_LITERAL_CONVERSION = YES;
				CLANG_WARN_OBJC_ROOT_CLASS = YES_ERROR;
				CLANG_WARN_RANGE_LOOP_ANALYSIS = YES;
				CLANG_WARN_STRICT_PROTOTYPES = YES;
				CLANG_WARN_SUSPICIOUS_MOVE = YES;
				CLANG_WARN_UNGUARDED_AVAILABILITY = YES_AGGRESSIVE;
				CLANG_WARN_UNREACHABLE_CODE = YES;
				CLANG_WARN__DUPLICATE_METHOD_MATCH = YES;
				COPY_PHASE_STRIP = NO;
				DEBUG_INFORMATION_FORMAT = "dwarf-with-dsym";
				ENABLE_NS_ASSERTIONS = NO;
				ENABLE_STRICT_OBJC_MSGSEND = YES;
				GCC_C_LANGUAGE_STANDARD = gnu11;
				GCC_NO_COMMON_BLOCKS = YES;
				GCC_WARN_64_TO_32_BIT_CONVERSION = YES;
				GCC_WARN_ABOUT_RETURN_TYPE = YES_ERROR;
				GCC_WARN_UNDECLARED_SELECTOR = YES;
				GCC_WARN_UNINITIALIZED_AUTOS = YES_AGGRESSIVE;
				GCC_WARN_UNUSED_FUNCTION = YES;
				GCC_WARN_UNUSED_VARIABLE = YES;
				IPHONEOS_DEPLOYMENT_TARGET = 13.2;
				MTL_ENABLE_DEBUG_INFO = NO;
				MTL_FAST_MATH = YES;
				SDKROOT = iphoneos;
				SWIFT_COMPILATION_MODE = wholemodule;
				SWIFT_OPTIMIZATION_LEVEL = "-O";
				VALIDATE_PRODUCT = YES;
			};
			name = Release;
		};
		D906FAFE2401A4D6002793DE /* Debug */ = {
			isa = XCBuildConfiguration;
			buildSettings = {
				ASSETCATALOG_COMPILER_APPICON_NAME = AppIcon;
				CODE_SIGN_STYLE = Automatic;
				DEVELOPMENT_ASSET_PATHS = "\"Practica5TipCalculator/Preview Content\"";
				DEVELOPMENT_TEAM = 7GX7MKQC59;
				ENABLE_PREVIEWS = YES;
				INFOPLIST_FILE = Practica5TipCalculator/Info.plist;
				LD_RUNPATH_SEARCH_PATHS = (
					"$(inherited)",
					"@executable_path/Frameworks",
				);
				PRODUCT_BUNDLE_IDENTIFIER = mx.edu.delasalle.Practica5TipCalculator;
				PRODUCT_NAME = "$(TARGET_NAME)";
				SWIFT_VERSION = 5.0;
				TARGETED_DEVICE_FAMILY = "1,2";
			};
			name = Debug;
		};
		D906FAFF2401A4D6002793DE /* Release */ = {
			isa = XCBuildConfiguration;
			buildSettings = {
				ASSETCATALOG_COMPILER_APPICON_NAME = AppIcon;
				CODE_SIGN_STYLE = Automatic;
				DEVELOPMENT_ASSET_PATHS = "\"Practica5TipCalculator/Preview Content\"";
				DEVELOPMENT_TEAM = 7GX7MKQC59;
				ENABLE_PREVIEWS = YES;
				INFOPLIST_FILE = Practica5TipCalculator/Info.plist;
				LD_RUNPATH_SEARCH_PATHS = (
					"$(inherited)",
					"@executable_path/Frameworks",
				);
				PRODUCT_BUNDLE_IDENTIFIER = mx.edu.delasalle.Practica5TipCalculator;
				PRODUCT_NAME = "$(TARGET_NAME)";
				SWIFT_VERSION = 5.0;
				TARGETED_DEVICE_FAMILY = "1,2";
			};
			name = Release;
		};
/* End XCBuildConfiguration section */

/* Begin XCConfigurationList section */
		D906FAE42401A4D5002793DE /* Build configuration list for PBXProject "Practica5TipCalculator" */ = {
			isa = XCConfigurationList;
			buildConfigurations = (
				D906FAFB2401A4D6002793DE /* Debug */,
				D906FAFC2401A4D6002793DE /* Release */,
			);
			defaultConfigurationIsVisible = 0;
			defaultConfigurationName = Release;
		};
		D906FAFD2401A4D6002793DE /* Build configuration list for PBXNativeTarget "Practica5TipCalculator" */ = {
			isa = XCConfigurationList;
			buildConfigurations = (
				D906FAFE2401A4D6002793DE /* Debug */,
				D906FAFF2401A4D6002793DE /* Release */,
			);
			defaultConfigurationIsVisible = 0;
			defaultConfigurationName = Release;
		};
/* End XCConfigurationList section */
	};
	rootObject = D906FAE12401A4D5002793DE /* Project object */;
}
